
Microsoft Visual Studio Solution File, Format Version 12.00
# Visual Studio Version 16
VisualStudioVersion = 16.0.31410.357
MinimumVisualStudioVersion = 10.0.40219.1
Project("{FAE04EC0-301F-11D3-BF4B-00C04F79EFBC}") = "RazorPagesUI", "RazorPagesUI\RazorPagesUI.csproj", "{1D3CC1FB-342B-4809-B808-C5433CE32BFE}"
EndProject
Global
	GlobalSection(SolutionConfigurationPlatforms) = preSolution
		Debug|Any CPU = Debug|Any CPU
		Release|Any CPU = Release|Any CPU
	EndGlobalSection
	GlobalSection(ProjectConfigurationPlatforms) = postSolution
		{1D3CC1FB-342B-4809-B808-C5433CE32BFE}.Debug|Any CPU.ActiveCfg = Debug|Any CPU
		{1D3CC1FB-342B-4809-B808-C5433CE32BFE}.Debug|Any CPU.Build.0 = Debug|Any CPU
		{1D3CC1FB-342B-4809-B808-C5433CE32BFE}.Release|Any CPU.ActiveCfg = Release|Any CPU
		{1D3CC1FB-342B-4809-B808-C5433CE32BFE}.Release|Any CPU.Build.0 = Release|Any CPU
	EndGlobalSection
	GlobalSection(SolutionProperties) = preSolution
		HideSolutionNode = FALSE
	EndGlobalSection
	GlobalSection(ExtensibilityGlobals) = postSolution
		SolutionGuid = {080D9479-DCEB-473B-BD85-2FBB7F2E2F0C}
	EndGlobalSection
EndGlobal
